
Microsoft Visual Studio Solution File, Format Version 12.00
# Visual Studio Version 17
VisualStudioVersion = 17.5.33530.505
MinimumVisualStudioVersion = 10.0.40219.1
Project("{FAE04EC0-301F-11D3-BF4B-00C04F79EFBC}") = "Nlayer.Core", "Nlayer.Core\Nlayer.Core.csproj", "{C15C4222-A005-4D68-BCFC-5FBB03FEA240}"
EndProject
Project("{FAE04EC0-301F-11D3-BF4B-00C04F79EFBC}") = "NLayer.Repository", "NLayer.Repoistory\NLayer.Repository.csproj", "{58AED06B-537C-48D6-9976-31C0506BDB2B}"
EndProject
Project("{FAE04EC0-301F-11D3-BF4B-00C04F79EFBC}") = "NLayer.Service", "NLayer.Service\NLayer.Service.csproj", "{81D1AA81-381F-4DE8-8E5D-C1BAF2ED6E63}"
EndProject
Project("{FAE04EC0-301F-11D3-BF4B-00C04F79EFBC}") = "NLayer.API", "NLayer.API\NLayer.API.csproj", "{66577283-F5BF-4C5F-86DF-A7E4EDDAB367}"
EndProject
Project("{FAE04EC0-301F-11D3-BF4B-00C04F79EFBC}") = "NLayer.Web", "NLayer.MVC\NLayer.Web.csproj", "{DBCBF3A6-81C6-4B8F-B1D4-1936ADB11AE8}"
EndProject
Project("{FAE04EC0-301F-11D3-BF4B-00C04F79EFBC}") = "NLayer.Caching", "NLayer.Caching\NLayer.Caching.csproj", "{D9A5FB07-D317-4D1D-B99A-924B1B8C9C57}"
EndProject
Global
	GlobalSection(SolutionConfigurationPlatforms) = preSolution
		Debug|Any CPU = Debug|Any CPU
		Release|Any CPU = Release|Any CPU
	EndGlobalSection
	GlobalSection(ProjectConfigurationPlatforms) = postSolution
		{C15C4222-A005-4D68-BCFC-5FBB03FEA240}.Debug|Any CPU.ActiveCfg = Debug|Any CPU
		{C15C4222-A005-4D68-BCFC-5FBB03FEA240}.Debug|Any CPU.Build.0 = Debug|Any CPU
		{C15C4222-A005-4D68-BCFC-5FBB03FEA240}.Release|Any CPU.ActiveCfg = Release|Any CPU
		{C15C4222-A005-4D68-BCFC-5FBB03FEA240}.Release|Any CPU.Build.0 = Release|Any CPU
		{58AED06B-537C-48D6-9976-31C0506BDB2B}.Debug|Any CPU.ActiveCfg = Debug|Any CPU
		{58AED06B-537C-48D6-9976-31C0506BDB2B}.Debug|Any CPU.Build.0 = Debug|Any CPU
		{58AED06B-537C-48D6-9976-31C0506BDB2B}.Release|Any CPU.ActiveCfg = Release|Any CPU
		{58AED06B-537C-48D6-9976-31C0506BDB2B}.Release|Any CPU.Build.0 = Release|Any CPU
		{81D1AA81-381F-4DE8-8E5D-C1BAF2ED6E63}.Debug|Any CPU.ActiveCfg = Debug|Any CPU
		{81D1AA81-381F-4DE8-8E5D-C1BAF2ED6E63}.Debug|Any CPU.Build.0 = Debug|Any CPU
		{81D1AA81-381F-4DE8-8E5D-C1BAF2ED6E63}.Release|Any CPU.ActiveCfg = Release|Any CPU
		{81D1AA81-381F-4DE8-8E5D-C1BAF2ED6E63}.Release|Any CPU.Build.0 = Release|Any CPU
		{66577283-F5BF-4C5F-86DF-A7E4EDDAB367}.Debug|Any CPU.ActiveCfg = Debug|Any CPU
		{66577283-F5BF-4C5F-86DF-A7E4EDDAB367}.Debug|Any CPU.Build.0 = Debug|Any CPU
		{66577283-F5BF-4C5F-86DF-A7E4EDDAB367}.Release|Any CPU.ActiveCfg = Release|Any CPU
		{66577283-F5BF-4C5F-86DF-A7E4EDDAB367}.Release|Any CPU.Build.0 = Release|Any CPU
		{DBCBF3A6-81C6-4B8F-B1D4-1936ADB11AE8}.Debug|Any CPU.ActiveCfg = Debug|Any CPU
		{DBCBF3A6-81C6-4B8F-B1D4-1936ADB11AE8}.Debug|Any CPU.Build.0 = Debug|Any CPU
		{DBCBF3A6-81C6-4B8F-B1D4-1936ADB11AE8}.Release|Any CPU.ActiveCfg = Release|Any CPU
		{DBCBF3A6-81C6-4B8F-B1D4-1936ADB11AE8}.Release|Any CPU.Build.0 = Release|Any CPU
		{D9A5FB07-D317-4D1D-B99A-924B1B8C9C57}.Debug|Any CPU.ActiveCfg = Debug|Any CPU
		{D9A5FB07-D317-4D1D-B99A-924B1B8C9C57}.Debug|Any CPU.Build.0 = Debug|Any CPU
		{D9A5FB07-D317-4D1D-B99A-924B1B8C9C57}.Release|Any CPU.ActiveCfg = Release|Any CPU
		{D9A5FB07-D317-4D1D-B99A-924B1B8C9C57}.Release|Any CPU.Build.0 = Release|Any CPU
	EndGlobalSection
	GlobalSection(SolutionProperties) = preSolution
		HideSolutionNode = FALSE
	EndGlobalSection
	GlobalSection(ExtensibilityGlobals) = postSolution
		SolutionGuid = {721C2AA8-7DC9-4091-B8AB-61B42F762BFA}
	EndGlobalSection
EndGlobal
